Microsoft Visual Studio Solution File, Format Version 12.00
# Visual Studio Version 17
VisualStudioVersion = 17.13.35919.96
MinimumVisualStudioVersion = 10.0.40219.1
Project("{FAE04EC0-301F-11D3-BF4B-00C04F79EFBC}") = "TestProject", "E:\Programming\C Sharp\c# basic\TestProject\TestProject\TestProject.csproj", "{17203DEB-6487-4DFD-ADB5-40D32FDD3D14}"
EndProject
Project("{FAE04EC0-301F-11D3-BF4B-00C04F79EFBC}") = "Entityes", "E:\Programming\C Sharp\c# basic\TestProject\Entityes\Entityes.csproj", "{CC191FCF-3A40-45FA-A86B-25FE8F8C0213}"
EndProject
Project("{FAE04EC0-301F-11D3-BF4B-00C04F79EFBC}") = "DataAccessLayer", "DataAccessLayer\DataAccessLayer.csproj", "{25D4A78C-012D-494E-A37F-50B079CC1869}"
EndProject
Project("{FAE04EC0-301F-11D3-BF4B-00C04F79EFBC}") = "BussinessAccessLayer", "BussinessAccessLayer\BussinessAccessLayer.csproj", "{7E90CABA-FBC8-4E0A-B0C9-11FC59237759}"
EndProject
Global
	GlobalSection(SolutionConfigurationPlatforms) = preSolution
		Debug|Any CPU = Debug|Any CPU
		Release|Any CPU = Release|Any CPU
	EndGlobalSection
	GlobalSection(ProjectConfigurationPlatforms) = postSolution
		{17203DEB-6487-4DFD-ADB5-40D32FDD3D14}.Debug|Any CPU.ActiveCfg = Debug|Any CPU
		{17203DEB-6487-4DFD-ADB5-40D32FDD3D14}.Debug|Any CPU.Build.0 = Debug|Any CPU
		{17203DEB-6487-4DFD-ADB5-40D32FDD3D14}.Release|Any CPU.ActiveCfg = Release|Any CPU
		{17203DEB-6487-4DFD-ADB5-40D32FDD3D14}.Release|Any CPU.Build.0 = Release|Any CPU
		{CC191FCF-3A40-45FA-A86B-25FE8F8C0213}.Debug|Any CPU.ActiveCfg = Debug|Any CPU
		{CC191FCF-3A40-45FA-A86B-25FE8F8C0213}.Debug|Any CPU.Build.0 = Debug|Any CPU
		{CC191FCF-3A40-45FA-A86B-25FE8F8C0213}.Release|Any CPU.ActiveCfg = Release|Any CPU
		{CC191FCF-3A40-45FA-A86B-25FE8F8C0213}.Release|Any CPU.Build.0 = Release|Any CPU
		{25D4A78C-012D-494E-A37F-50B079CC1869}.Debug|Any CPU.ActiveCfg = Debug|Any CPU
		{25D4A78C-012D-494E-A37F-50B079CC1869}.Debug|Any CPU.Build.0 = Debug|Any CPU
		{25D4A78C-012D-494E-A37F-50B079CC1869}.Release|Any CPU.ActiveCfg = Release|Any CPU
		{25D4A78C-012D-494E-A37F-50B079CC1869}.Release|Any CPU.Build.0 = Release|Any CPU
		{7E90CABA-FBC8-4E0A-B0C9-11FC59237759}.Debug|Any CPU.ActiveCfg = Debug|Any CPU
		{7E90CABA-FBC8-4E0A-B0C9-11FC59237759}.Debug|Any CPU.Build.0 = Debug|Any CPU
		{7E90CABA-FBC8-4E0A-B0C9-11FC59237759}.Release|Any CPU.ActiveCfg = Release|Any CPU
		{7E90CABA-FBC8-4E0A-B0C9-11FC59237759}.Release|Any CPU.Build.0 = Release|Any CPU
	EndGlobalSection
	GlobalSection(SolutionProperties) = preSolution
		HideSolutionNode = FALSE
	EndGlobalSection
	GlobalSection(ExtensibilityGlobals) = postSolution
		SolutionGuid = {A8152EA5-82A1-418B-9D1E-7C0234342C21}
	EndGlobalSection
EndGlobal
